
Microsoft Visual Studio Solution File, Format Version 12.00
# Visual Studio Version 17
VisualStudioVersion = 17.9.34728.123
MinimumVisualStudioVersion = 10.0.40219.1
Project("{8BC9CEB8-8B4A-11D0-8D11-00A0C91BC942}") = "Sandbox", "Sandbox\Sandbox.vcxproj", "{A965E399-382E-424B-8229-42C48DC7ED1F}"
EndProject
Project("{8BC9CEB8-8B4A-11D0-8D11-00A0C91BC942}") = "DNA", "DNA\DNA.vcxproj", "{6DE04669-7470-4D69-878B-5F35CB8C94E9}"
EndProject
Global
	GlobalSection(SolutionConfigurationPlatforms) = preSolution
		Debug|x64 = Debug|x64
		Release|x64 = Release|x64
	EndGlobalSection
	GlobalSection(ProjectConfigurationPlatforms) = postSolution
		{6DE04669-7470-4D69-878B-5F35CB8C94E9}.Debug|x64.ActiveCfg = Debug|x64
		{6DE04669-7470-4D69-878B-5F35CB8C94E9}.Debug|x64.Build.0 = Debug|x64
		{6DE04669-7470-4D69-878B-5F35CB8C94E9}.Release|x64.ActiveCfg = Release|x64
		{6DE04669-7470-4D69-878B-5F35CB8C94E9}.Release|x64.Build.0 = Release|x64
		{A965E399-382E-424B-8229-42C48DC7ED1F}.Debug|x64.ActiveCfg = Debug|x64
		{A965E399-382E-424B-8229-42C48DC7ED1F}.Debug|x64.Build.0 = Debug|x64
		{A965E399-382E-424B-8229-42C48DC7ED1F}.Release|x64.ActiveCfg = Release|x64
		{A965E399-382E-424B-8229-42C48DC7ED1F}.Release|x64.Build.0 = Release|x64
	EndGlobalSection
	GlobalSection(SolutionProperties) = preSolution
		HideSolutionNode = FALSE
	EndGlobalSection
	GlobalSection(ExtensibilityGlobals) = postSolution
		SolutionGuid = {4799E015-2116-4C27-B9FC-EECB0D6AE146}
	EndGlobalSection
EndGlobal
